// !$*UTF8*$!
{
	archiveVersion = 1;
	classes = {
	};
	objectVersion = 48;
	objects = {

/* Begin PBXBuildFile section */
		6B17C7222045012200A0DB3E /* ChatViewController.swift in Sources */ = {isa = PBXBuildFile; fileRef = 6B17C7202045012200A0DB3E /* ChatViewController.swift */; };
		6B17C7232045012200A0DB3E /* Conversation.swift in Sources */ = {isa = PBXBuildFile; fileRef = 6B17C7212045012200A0DB3E /* Conversation.swift */; };
		6B17C725204501F300A0DB3E /* DemoConversation.swift in Sources */ = {isa = PBXBuildFile; fileRef = 6B17C724204501F300A0DB3E /* DemoConversation.swift */; };
		6B17C7272045020300A0DB3E /* SettingsTableViewController.swift in Sources */ = {isa = PBXBuildFile; fileRef = 6B17C7262045020300A0DB3E /* SettingsTableViewController.swift */; };
		6B17C72C20450AD200A0DB3E /* jsq_messages_sample.m4a in Resources */ = {isa = PBXBuildFile; fileRef = 6B17C72B20450A5B00A0DB3E /* jsq_messages_sample.m4a */; };
		6B2EB94A2029AA4E00C926C0 /* UserAuthFunction.swift in Sources */ = {isa = PBXBuildFile; fileRef = 6B2EB9492029AA4E00C926C0 /* UserAuthFunction.swift */; };
		6B2EB94E2029D42400C926C0 /* LoginVC.swift in Sources */ = {isa = PBXBuildFile; fileRef = 6B2EB94D2029D42400C926C0 /* LoginVC.swift */; };
		6B9B4651202B5D9E0042FE63 /* ViewController.swift in Sources */ = {isa = PBXBuildFile; fileRef = 6B9B4650202B5D9E0042FE63 /* ViewController.swift */; };
		6B9B4653202C8B0B0042FE63 /* ChatVC.swift in Sources */ = {isa = PBXBuildFile; fileRef = 6B9B4652202C8B0B0042FE63 /* ChatVC.swift */; };
		6BBB67B3792066078539B736 /* Pods_hikingbot.framework in Frameworks */ = {isa = PBXBuildFile; fileRef = 12D9226FB10D826B5660E0BA /* Pods_hikingbot.framework */; };
		6BF38A7320296B780063BEB8 /* AppDelegate.swift in Sources */ = {isa = PBXBuildFile; fileRef = 6BF38A7220296B780063BEB8 /* AppDelegate.swift */; };
		6BF38A7820296B780063BEB8 /* Main.storyboard in Resources */ = {isa = PBXBuildFile; fileRef = 6BF38A7620296B780063BEB8 /* Main.storyboard */; };
		6BF38A7A20296B780063BEB8 /* Assets.xcassets in Resources */ = {isa = PBXBuildFile; fileRef = 6BF38A7920296B780063BEB8 /* Assets.xcassets */; };
		6BF38A7D20296B780063BEB8 /* LaunchScreen.storyboard in Resources */ = {isa = PBXBuildFile; fileRef = 6BF38A7B20296B780063BEB8 /* LaunchScreen.storyboard */; };
/* End PBXBuildFile section */

/* Begin PBXFileReference section */
		12D9226FB10D826B5660E0BA /* Pods_hikingbot.framework */ = {isa = PBXFileReference; explicitFileType = wrapper.framework; includeInIndex = 0; path = Pods_hikingbot.framework; sourceTree = BUILT_PRODUCTS_DIR; };
		32E64464941697EEE0F0BB52 /* Pods-hikingbot.release.xcconfig */ = {isa = PBXFileReference; includeInIndex = 1; lastKnownFileType = text.xcconfig; name = "Pods-hikingbot.release.xcconfig"; path = "Pods/Target Support Files/Pods-hikingbot/Pods-hikingbot.release.xcconfig"; sourceTree = "<group>"; };
		6B17C7202045012200A0DB3E /* ChatViewController.swift */ = {isa = PBXFileReference; fileEncoding = 4; lastKnownFileType = sourcecode.swift; path = ChatViewController.swift; sourceTree = "<group>"; };
		6B17C7212045012200A0DB3E /* Conversation.swift */ = {isa = PBXFileReference; fileEncoding = 4; lastKnownFileType = sourcecode.swift; path = Conversation.swift; sourceTree = "<group>"; };
		6B17C724204501F300A0DB3E /* DemoConversation.swift */ = {isa = PBXFileReference; fileEncoding = 4; lastKnownFileType = sourcecode.swift; path = DemoConversation.swift; sourceTree = "<group>"; };
		6B17C7262045020300A0DB3E /* SettingsTableViewController.swift */ = {isa = PBXFileReference; fileEncoding = 4; lastKnownFileType = sourcecode.swift; path = SettingsTableViewController.swift; sourceTree = "<group>"; };
		6B17C72B20450A5B00A0DB3E /* jsq_messages_sample.m4a */ = {isa = PBXFileReference; lastKnownFileType = file; name = jsq_messages_sample.m4a; path = hikingbot/Resources/jsq_messages_sample.m4a; sourceTree = SOURCE_ROOT; };
		6B2EB9492029AA4E00C926C0 /* UserAuthFunction.swift */ = {isa = PBXFileReference; lastKnownFileType = sourcecode.swift; path = UserAuthFunction.swift; sourceTree = "<group>"; };
		6B2EB94D2029D42400C926C0 /* LoginVC.swift */ = {isa = PBXFileReference; lastKnownFileType = sourcecode.swift; path = LoginVC.swift; sourceTree = "<group>"; };
		6B9B4650202B5D9E0042FE63 /* ViewController.swift */ = {isa = PBXFileReference; lastKnownFileType = sourcecode.swift; path = ViewController.swift; sourceTree = "<group>"; };
		6B9B4652202C8B0B0042FE63 /* ChatVC.swift */ = {isa = PBXFileReference; lastKnownFileType = sourcecode.swift; path = ChatVC.swift; sourceTree = "<group>"; };
		6BF38A6F20296B780063BEB8 /* hikingbot.app */ = {isa = PBXFileReference; explicitFileType = wrapper.application; includeInIndex = 0; path = hikingbot.app; sourceTree = BUILT_PRODUCTS_DIR; };
		6BF38A7220296B780063BEB8 /* AppDelegate.swift */ = {isa = PBXFileReference; lastKnownFileType = sourcecode.swift; path = AppDelegate.swift; sourceTree = "<group>"; };
		6BF38A7720296B780063BEB8 /* Base */ = {isa = PBXFileReference; lastKnownFileType = file.storyboard; name = Base; path = Base.lproj/Main.storyboard; sourceTree = "<group>"; };
		6BF38A7920296B780063BEB8 /* Assets.xcassets */ = {isa = PBXFileReference; lastKnownFileType = folder.assetcatalog; path = Assets.xcassets; sourceTree = "<group>"; };
		6BF38A7C20296B780063BEB8 /* Base */ = {isa = PBXFileReference; lastKnownFileType = file.storyboard; name = Base; path = Base.lproj/LaunchScreen.storyboard; sourceTree = "<group>"; };
		6BF38A7E20296B780063BEB8 /* Info.plist */ = {isa = PBXFileReference; lastKnownFileType = text.plist.xml; path = Info.plist; sourceTree = "<group>"; };
		7FC5EDCC2550ACCB89F7B918 /* Pods-hikingbot.debug.xcconfig */ = {isa = PBXFileReference; includeInIndex = 1; lastKnownFileType = text.xcconfig; name = "Pods-hikingbot.debug.xcconfig"; path = "Pods/Target Support Files/Pods-hikingbot/Pods-hikingbot.debug.xcconfig"; sourceTree = "<group>"; };
/* End PBXFileReference section */

/* Begin PBXFrameworksBuildPhase section */
		6BF38A6C20296B780063BEB8 /* Frameworks */ = {
			isa = PBXFrameworksBuildPhase;
			buildActionMask = 2147483647;
			files = (
				6BBB67B3792066078539B736 /* Pods_hikingbot.framework in Frameworks */,
			);
			runOnlyForDeploymentPostprocessing = 0;
		};
/* End PBXFrameworksBuildPhase section */

/* Begin PBXGroup section */
		36A32CE124B1BD70DFB263C3 /* Pods */ = {
			isa = PBXGroup;
			children = (
				7FC5EDCC2550ACCB89F7B918 /* Pods-hikingbot.debug.xcconfig */,
				32E64464941697EEE0F0BB52 /* Pods-hikingbot.release.xcconfig */,
			);
			name = Pods;
			sourceTree = "<group>";
		};
		6B17C71F2045012200A0DB3E /* JSQMessage */ = {
			isa = PBXGroup;
			children = (
				6B17C724204501F300A0DB3E /* DemoConversation.swift */,
				6B17C7202045012200A0DB3E /* ChatViewController.swift */,
				6B17C7262045020300A0DB3E /* SettingsTableViewController.swift */,
				6B17C7212045012200A0DB3E /* Conversation.swift */,
			);
			path = JSQMessage;
			sourceTree = "<group>";
		};
		6B2EB94B2029D35100C926C0 /* Resources */ = {
			isa = PBXGroup;
			children = (
				6B17C72B20450A5B00A0DB3E /* jsq_messages_sample.m4a */,
			);
			path = Resources;
			sourceTree = "<group>";
		};
		6B2EB94C2029D40700C926C0 /* View */ = {
			isa = PBXGroup;
			children = (
				6B9B4652202C8B0B0042FE63 /* ChatVC.swift */,
				6B2EB94D2029D42400C926C0 /* LoginVC.swift */,
			);
			path = View;
			sourceTree = "<group>";
		};
		6BF38A6620296B780063BEB8 = {
			isa = PBXGroup;
			children = (
				6BF38A7120296B780063BEB8 /* hikingbot */,
				6BF38A7020296B780063BEB8 /* Products */,
				36A32CE124B1BD70DFB263C3 /* Pods */,
				C75F9FC6C4F10B48F3A27C4B /* Frameworks */,
			);
			sourceTree = "<group>";
		};
		6BF38A7020296B780063BEB8 /* Products */ = {
			isa = PBXGroup;
			children = (
				6BF38A6F20296B780063BEB8 /* hikingbot.app */,
			);
			name = Products;
			sourceTree = "<group>";
		};
		6BF38A7120296B780063BEB8 /* hikingbot */ = {
			isa = PBXGroup;
			children = (
				6B2EB94C2029D40700C926C0 /* View */,
				6B2EB94B2029D35100C926C0 /* Resources */,
				6B17C71F2045012200A0DB3E /* JSQMessage */,
				6BF38A7220296B780063BEB8 /* AppDelegate.swift */,
				6B9B4650202B5D9E0042FE63 /* ViewController.swift */,
				6B2EB9492029AA4E00C926C0 /* UserAuthFunction.swift */,
				6BF38A7620296B780063BEB8 /* Main.storyboard */,
				6BF38A7920296B780063BEB8 /* Assets.xcassets */,
				6BF38A7B20296B780063BEB8 /* LaunchScreen.storyboard */,
				6BF38A7E20296B780063BEB8 /* Info.plist */,
			);
			path = hikingbot;
			sourceTree = "<group>";
		};
		C75F9FC6C4F10B48F3A27C4B /* Frameworks */ = {
			isa = PBXGroup;
			children = (
				12D9226FB10D826B5660E0BA /* Pods_hikingbot.framework */,
			);
			name = Frameworks;
			sourceTree = "<group>";
		};
/* End PBXGroup section */

/* Begin PBXNativeTarget section */
		6BF38A6E20296B780063BEB8 /* hikingbot */ = {
			isa = PBXNativeTarget;
			buildConfigurationList = 6BF38A8120296B780063BEB8 /* Build configuration list for PBXNativeTarget "hikingbot" */;
			buildPhases = (
				893FB8DA1B6000042BAE4237 /* [CP] Check Pods Manifest.lock */,
				6BF38A6B20296B780063BEB8 /* Sources */,
				6BF38A6C20296B780063BEB8 /* Frameworks */,
				6BF38A6D20296B780063BEB8 /* Resources */,
				0EC99B1BC3CFF869564AB539 /* [CP] Embed Pods Frameworks */,
				AC2DCBBE8ECC91848FEA129B /* [CP] Copy Pods Resources */,
			);
			buildRules = (
			);
			dependencies = (
			);
			name = hikingbot;
			productName = hikingbot;
			productReference = 6BF38A6F20296B780063BEB8 /* hikingbot.app */;
			productType = "com.apple.product-type.application";
		};
/* End PBXNativeTarget section */

/* Begin PBXProject section */
		6BF38A6720296B780063BEB8 /* Project object */ = {
			isa = PBXProject;
			attributes = {
				LastSwiftUpdateCheck = 0920;
				LastUpgradeCheck = 0920;
				ORGANIZATIONNAME = KL;
				TargetAttributes = {
					6BF38A6E20296B780063BEB8 = {
						CreatedOnToolsVersion = 9.2;
						LastSwiftMigration = 0920;
						ProvisioningStyle = Automatic;
					};
				};
			};
			buildConfigurationList = 6BF38A6A20296B780063BEB8 /* Build configuration list for PBXProject "hikingbot" */;
			compatibilityVersion = "Xcode 8.0";
			developmentRegion = en;
			hasScannedForEncodings = 0;
			knownRegions = (
				en,
				Base,
			);
			mainGroup = 6BF38A6620296B780063BEB8;
			productRefGroup = 6BF38A7020296B780063BEB8 /* Products */;
			projectDirPath = "";
			projectRoot = "";
			targets = (
				6BF38A6E20296B780063BEB8 /* hikingbot */,
			);
		};
/* End PBXProject section */

/* Begin PBXResourcesBuildPhase section */
		6BF38A6D20296B780063BEB8 /* Resources */ = {
			isa = PBXResourcesBuildPhase;
			buildActionMask = 2147483647;
			files = (
				6B17C72C20450AD200A0DB3E /* jsq_messages_sample.m4a in Resources */,
				6BF38A7D20296B780063BEB8 /* LaunchScreen.storyboard in Resources */,
				6BF38A7A20296B780063BEB8 /* Assets.xcassets in Resources */,
				6BF38A7820296B780063BEB8 /* Main.storyboard in Resources */,
			);
			runOnlyForDeploymentPostprocessing = 0;
		};
/* End PBXResourcesBuildPhase section */

/* Begin PBXShellScriptBuildPhase section */
		0EC99B1BC3CFF869564AB539 /* [CP] Embed Pods Frameworks */ = {
			isa = PBXShellScriptBuildPhase;
			buildActionMask = 2147483647;
			files = (
			);
			inputPaths = (
				"${SRCROOT}/Pods/Target Support Files/Pods-hikingbot/Pods-hikingbot-frameworks.sh",
				"${BUILT_PRODUCTS_DIR}/FMDB/FMDB.framework",
				"${BUILT_PRODUCTS_DIR}/JSQMessagesViewController/JSQMessagesViewController.framework",
				"${BUILT_PRODUCTS_DIR}/Kingfisher/Kingfisher.framework",
				"${BUILT_PRODUCTS_DIR}/MagicKit-Skygear/MagicKit.framework",
				"${BUILT_PRODUCTS_DIR}/Realm/Realm.framework",
				"${BUILT_PRODUCTS_DIR}/SKYKit/SKYKit.framework",
				"${BUILT_PRODUCTS_DIR}/SKYKitChat/SKYKitChat.framework",
				"${BUILT_PRODUCTS_DIR}/SocketRocket/SocketRocket.framework",
			);
			name = "[CP] Embed Pods Frameworks";
			outputPaths = (
				"${TARGET_BUILD_DIR}/${FRAMEWORKS_FOLDER_PATH}/FMDB.framework",
				"${TARGET_BUILD_DIR}/${FRAMEWORKS_FOLDER_PATH}/JSQMessagesViewController.framework",
				"${TARGET_BUILD_DIR}/${FRAMEWORKS_FOLDER_PATH}/Kingfisher.framework",
				"${TARGET_BUILD_DIR}/${FRAMEWORKS_FOLDER_PATH}/MagicKit.framework",
				"${TARGET_BUILD_DIR}/${FRAMEWORKS_FOLDER_PATH}/Realm.framework",
				"${TARGET_BUILD_DIR}/${FRAMEWORKS_FOLDER_PATH}/SKYKit.framework",
				"${TARGET_BUILD_DIR}/${FRAMEWORKS_FOLDER_PATH}/SKYKitChat.framework",
				"${TARGET_BUILD_DIR}/${FRAMEWORKS_FOLDER_PATH}/SocketRocket.framework",
			);
			runOnlyForDeploymentPostprocessing = 0;
			shellPath = /bin/sh;
			shellScript = "\"${SRCROOT}/Pods/Target Support Files/Pods-hikingbot/Pods-hikingbot-frameworks.sh\"\n";
			showEnvVarsInLog = 0;
		};
		893FB8DA1B6000042BAE4237 /* [CP] Check Pods Manifest.lock */ = {
			isa = PBXShellScriptBuildPhase;
			buildActionMask = 2147483647;
			files = (
			);
			inputPaths = (
				"${PODS_PODFILE_DIR_PATH}/Podfile.lock",
				"${PODS_ROOT}/Manifest.lock",
			);
			name = "[CP] Check Pods Manifest.lock";
			outputPaths = (
				"$(DERIVED_FILE_DIR)/Pods-hikingbot-checkManifestLockResult.txt",
			);
			runOnlyForDeploymentPostprocessing = 0;
			shellPath = /bin/sh;
			shellScript = "diff \"${PODS_PODFILE_DIR_PATH}/Podfile.lock\" \"${PODS_ROOT}/Manifest.lock\" > /dev/null\nif [ $? != 0 ] ; then\n    # print error to STDERR\n    echo \"error: The sandbox is not in sync with the Podfile.lock. Run 'pod install' or update your CocoaPods installation.\" >&2\n    exit 1\nfi\n# This output is used by Xcode 'outputs' to avoid re-running this script phase.\necho \"SUCCESS\" > \"${SCRIPT_OUTPUT_FILE_0}\"\n";
			showEnvVarsInLog = 0;
		};
		AC2DCBBE8ECC91848FEA129B /* [CP] Copy Pods Resources */ = {
			isa = PBXShellScriptBuildPhase;
			buildActionMask = 2147483647;
			files = (
			);
			inputPaths = (
				"${SRCROOT}/Pods/Target Support Files/Pods-hikingbot/Pods-hikingbot-resources.sh",
				"${PODS_CONFIGURATION_BUILD_DIR}/SKYKitChat/SKYKitChatUI.bundle",
			);
			name = "[CP] Copy Pods Resources";
			outputPaths = (
				"${TARGET_BUILD_DIR}/${UNLOCALIZED_RESOURCES_FOLDER_PATH}/SKYKitChatUI.bundle",
			);
			runOnlyForDeploymentPostprocessing = 0;
			shellPath = /bin/sh;
			shellScript = "\"${SRCROOT}/Pods/Target Support Files/Pods-hikingbot/Pods-hikingbot-resources.sh\"\n";
			showEnvVarsInLog = 0;
		};
/* End PBXShellScriptBuildPhase section */

/* Begin PBXSourcesBuildPhase section */
		6BF38A6B20296B780063BEB8 /* Sources */ = {
			isa = PBXSourcesBuildPhase;
			buildActionMask = 2147483647;
			files = (
				6BF38A7320296B780063BEB8 /* AppDelegate.swift in Sources */,
				6B17C725204501F300A0DB3E /* DemoConversation.swift in Sources */,
				6B2EB94E2029D42400C926C0 /* LoginVC.swift in Sources */,
				6B17C7222045012200A0DB3E /* ChatViewController.swift in Sources */,
				6B17C7232045012200A0DB3E /* Conversation.swift in Sources */,
				6B9B4651202B5D9E0042FE63 /* ViewController.swift in Sources */,
				6B2EB94A2029AA4E00C926C0 /* UserAuthFunction.swift in Sources */,
				6B9B4653202C8B0B0042FE63 /* ChatVC.swift in Sources */,
				6B17C7272045020300A0DB3E /* SettingsTableViewController.swift in Sources */,
			);
			runOnlyForDeploymentPostprocessing = 0;
		};
/* End PBXSourcesBuildPhase section */

/* Begin PBXVariantGroup section */
		6BF38A7620296B780063BEB8 /* Main.storyboard */ = {
			isa = PBXVariantGroup;
			children = (
				6BF38A7720296B780063BEB8 /* Base */,
			);
			name = Main.storyboard;
			sourceTree = "<group>";
		};
		6BF38A7B20296B780063BEB8 /* LaunchScreen.storyboard */ = {
			isa = PBXVariantGroup;
			children = (
				6BF38A7C20296B780063BEB8 /* Base */,
			);
			name = LaunchScreen.storyboard;
			sourceTree = "<group>";
		};
/* End PBXVariantGroup section */

/* Begin XCBuildConfiguration section */
		6BF38A7F20296B780063BEB8 /* Debug */ = {
			isa = XCBuildConfiguration;
			buildSettings = {
				ALWAYS_SEARCH_USER_PATHS = NO;
				CLANG_ANALYZER_NONNULL = YES;
				CLANG_ANALYZER_NUMBER_OBJECT_CONVERSION = YES_AGGRESSIVE;
				CLANG_CXX_LANGUAGE_STANDARD = "gnu++14";
				CLANG_CXX_LIBRARY = "libc++";
				CLANG_ENABLE_MODULES = YES;
				CLANG_ENABLE_OBJC_ARC = YES;
				CLANG_WARN_BLOCK_CAPTURE_AUTORELEASING = YES;
				CLANG_WARN_BOOL_CONVERSION = YES;
				CLANG_WARN_COMMA = YES;
				CLANG_WARN_CONSTANT_CONVERSION = YES;
				CLANG_WARN_DIRECT_OBJC_ISA_USAGE = YES_ERROR;
				CLANG_WARN_DOCUMENTATION_COMMENTS = YES;
				CLANG_WARN_EMPTY_BODY = YES;
				CLANG_WARN_ENUM_CONVERSION = YES;
				CLANG_WARN_INFINITE_RECURSION = YES;
				CLANG_WARN_INT_CONVERSION = YES;
				CLANG_WARN_NON_LITERAL_NULL_CONVERSION = YES;
				CLANG_WARN_OBJC_LITERAL_CONVERSION = YES;
				CLANG_WARN_OBJC_ROOT_CLASS = YES_ERROR;
				CLANG_WARN_RANGE_LOOP_ANALYSIS = YES;
				CLANG_WARN_STRICT_PROTOTYPES = YES;
				CLANG_WARN_SUSPICIOUS_MOVE = YES;
				CLANG_WARN_UNGUARDED_AVAILABILITY = YES_AGGRESSIVE;
				CLANG_WARN_UNREACHABLE_CODE = YES;
				CLANG_WARN__DUPLICATE_METHOD_MATCH = YES;
				CODE_SIGN_IDENTITY = "iPhone Developer";
				COPY_PHASE_STRIP = NO;
				DEBUG_INFORMATION_FORMAT = dwarf;
				ENABLE_STRICT_OBJC_MSGSEND = YES;
				ENABLE_TESTABILITY = YES;
				GCC_C_LANGUAGE_STANDARD = gnu11;
				GCC_DYNAMIC_NO_PIC = NO;
				GCC_NO_COMMON_BLOCKS = YES;
				GCC_OPTIMIZATION_LEVEL = 0;
				GCC_PREPROCESSOR_DEFINITIONS = (
					"DEBUG=1",
					"$(inherited)",
				);
				GCC_WARN_64_TO_32_BIT_CONVERSION = YES;
				GCC_WARN_ABOUT_RETURN_TYPE = YES_ERROR;
				GCC_WARN_UNDECLARED_SELECTOR = YES;
				GCC_WARN_UNINITIALIZED_AUTOS = YES_AGGRESSIVE;
				GCC_WARN_UNUSED_FUNCTION = YES;
				GCC_WARN_UNUSED_VARIABLE = YES;
				IPHONEOS_DEPLOYMENT_TARGET = 9.0;
				MTL_ENABLE_DEBUG_INFO = YES;
				ONLY_ACTIVE_ARCH = YES;
				SDKROOT = iphoneos;
				SWIFT_ACTIVE_COMPILATION_CONDITIONS = DEBUG;
				SWIFT_OPTIMIZATION_LEVEL = "-Onone";
			};
			name = Debug;
		};
		6BF38A8020296B780063BEB8 /* Release */ = {
			isa = XCBuildConfiguration;
			buildSettings = {
				ALWAYS_SEARCH_USER_PATHS = NO;
				CLANG_ANALYZER_NONNULL = YES;
				CLANG_ANALYZER_NUMBER_OBJECT_CONVERSION = YES_AGGRESSIVE;
				CLANG_CXX_LANGUAGE_STANDARD = "gnu++14";
				CLANG_CXX_LIBRARY = "libc++";
				CLANG_ENABLE_MODULES = YES;
				CLANG_ENABLE_OBJC_ARC = YES;
				CLANG_WARN_BLOCK_CAPTURE_AUTORELEASING = YES;
				CLANG_WARN_BOOL_CONVERSION = YES;
				CLANG_WARN_COMMA = YES;
				CLANG_WARN_CONSTANT_CONVERSION = YES;
				CLANG_WARN_DIRECT_OBJC_ISA_USAGE = YES_ERROR;
				CLANG_WARN_DOCUMENTATION_COMMENTS = YES;
				CLANG_WARN_EMPTY_BODY = YES;
				CLANG_WARN_ENUM_CONVERSION = YES;
				CLANG_WARN_INFINITE_RECURSION = YES;
				CLANG_WARN_INT_CONVERSION = YES;
				CLANG_WARN_NON_LITERAL_NULL_CONVERSION = YES;
				CLANG_WARN_OBJC_LITERAL_CONVERSION = YES;
				CLANG_WARN_OBJC_ROOT_CLASS = YES_ERROR;
				CLANG_WARN_RANGE_LOOP_ANALYSIS = YES;
				CLANG_WARN_STRICT_PROTOTYPES = YES;
				CLANG_WARN_SUSPICIOUS_MOVE = YES;
				CLANG_WARN_UNGUARDED_AVAILABILITY = YES_AGGRESSIVE;
				CLANG_WARN_UNREACHABLE_CODE = YES;
				CLANG_WARN__DUPLICATE_METHOD_MATCH = YES;
				CODE_SIGN_IDENTITY = "iPhone Developer";
				COPY_PHASE_STRIP = NO;
				DEBUG_INFORMATION_FORMAT = "dwarf-with-dsym";
				ENABLE_NS_ASSERTIONS = NO;
				ENABLE_STRICT_OBJC_MSGSEND = YES;
				GCC_C_LANGUAGE_STANDARD = gnu11;
				GCC_NO_COMMON_BLOCKS = YES;
				GCC_WARN_64_TO_32_BIT_CONVERSION = YES;
				GCC_WARN_ABOUT_RETURN_TYPE = YES_ERROR;
				GCC_WARN_UNDECLARED_SELECTOR = YES;
				GCC_WARN_UNINITIALIZED_AUTOS = YES_AGGRESSIVE;
				GCC_WARN_UNUSED_FUNCTION = YES;
				GCC_WARN_UNUSED_VARIABLE = YES;
				IPHONEOS_DEPLOYMENT_TARGET = 9.0;
				MTL_ENABLE_DEBUG_INFO = NO;
				SDKROOT = iphoneos;
				SWIFT_OPTIMIZATION_LEVEL = "-Owholemodule";
				VALIDATE_PRODUCT = YES;
			};
			name = Release;
		};
		6BF38A8220296B780063BEB8 /* Debug */ = {
			isa = XCBuildConfiguration;
			baseConfigurationReference = 7FC5EDCC2550ACCB89F7B918 /* Pods-hikingbot.debug.xcconfig */;
			buildSettings = {
				ASSETCATALOG_COMPILER_APPICON_NAME = AppIcon;
				CODE_SIGN_STYLE = Automatic;
				DEVELOPMENT_TEAM = 8SBL643TY6;
				INFOPLIST_FILE = hikingbot/Info.plist;
				IPHONEOS_DEPLOYMENT_TARGET = 9.0;
				LD_RUNPATH_SEARCH_PATHS = "$(inherited) @executable_path/Frameworks";
				PRODUCT_BUNDLE_IDENTIFIER = KL.personal.hikingbot;
				PRODUCT_NAME = "$(TARGET_NAME)";
				SWIFT_SWIFT3_OBJC_INFERENCE = Default;
				SWIFT_VERSION = 4.0;
				TARGETED_DEVICE_FAMILY = "1,2";
			};
			name = Debug;
		};
		6BF38A8320296B780063BEB8 /* Release */ = {
			isa = XCBuildConfiguration;
			baseConfigurationReference = 32E64464941697EEE0F0BB52 /* Pods-hikingbot.release.xcconfig */;
			buildSettings = {
				ASSETCATALOG_COMPILER_APPICON_NAME = AppIcon;
				CODE_SIGN_STYLE = Automatic;
				DEVELOPMENT_TEAM = 8SBL643TY6;
				INFOPLIST_FILE = hikingbot/Info.plist;
				IPHONEOS_DEPLOYMENT_TARGET = 9.0;
				LD_RUNPATH_SEARCH_PATHS = "$(inherited) @executable_path/Frameworks";
				PRODUCT_BUNDLE_IDENTIFIER = KL.personal.hikingbot;
				PRODUCT_NAME = "$(TARGET_NAME)";
				SWIFT_SWIFT3_OBJC_INFERENCE = Default;
				SWIFT_VERSION = 4.0;
				TARGETED_DEVICE_FAMILY = "1,2";
			};
			name = Release;
		};
/* End XCBuildConfiguration section */

/* Begin XCConfigurationList section */
		6BF38A6A20296B780063BEB8 /* Build configuration list for PBXProject "hikingbot" */ = {
			isa = XCConfigurationList;
			buildConfigurations = (
				6BF38A7F20296B780063BEB8 /* Debug */,
				6BF38A8020296B780063BEB8 /* Release */,
			);
			defaultConfigurationIsVisible = 0;
			defaultConfigurationName = Release;
		};
		6BF38A8120296B780063BEB8 /* Build configuration list for PBXNativeTarget "hikingbot" */ = {
			isa = XCConfigurationList;
			buildConfigurations = (
				6BF38A8220296B780063BEB8 /* Debug */,
				6BF38A8320296B780063BEB8 /* Release */,
			);
			defaultConfigurationIsVisible = 0;
			defaultConfigurationName = Release;
		};
/* End XCConfigurationList section */
	};
	rootObject = 6BF38A6720296B780063BEB8 /* Project object */;
}
